lockfile_version: '1'
generated_at: '2026-04-09T18:19:20.609444+00:00'
apm_version: 0.8.10
dependencies:
- repo_url: oscarrenalias/skill-spec-management
  host: github.com
  resolved_commit: 52e73606a6d66deea5464934a9596ed9b0b89a88
  resolved_ref: v0.1.4
  package_type: hybrid
  content_hash: sha256:27185a09772ea4f054f29445f35554586d7ee32e1dcee347fdd582681f03af12
